
Microsoft Visual Studio Solution File, Format Version 12.00
# Visual Studio Version 17
VisualStudioVersion = 17.1.32421.90
MinimumVisualStudioVersion = 10.0.40219.1
Project("{9A19103F-16F7-4668-BE54-9A1E7A4F7556}") = "EnergyRust", "EnergyRust.csproj", "{76C56A87-B5D1-4B6C-8BB6-844B532E868E}"
EndProject
Global
	GlobalSection(SolutionConfigurationPlatforms) = preSolution
		Debug|Any CPU = Debug|Any CPU
		Release|Any CPU = Release|Any CPU
	EndGlobalSection
	GlobalSection(ProjectConfigurationPlatforms) = postSolution
		{76C56A87-B5D1-4B6C-8BB6-844B532E868E}.Debug|Any CPU.ActiveCfg = Debug|Any CPU
		{76C56A87-B5D1-4B6C-8BB6-844B532E868E}.Debug|Any CPU.Build.0 = Debug|Any CPU
		{76C56A87-B5D1-4B6C-8BB6-844B532E868E}.Release|Any CPU.ActiveCfg = Release|Any CPU
		{76C56A87-B5D1-4B6C-8BB6-844B532E868E}.Release|Any CPU.Build.0 = Release|Any CPU
	EndGlobalSection
	GlobalSection(SolutionProperties) = preSolution
		HideSolutionNode = FALSE
	EndGlobalSection
	GlobalSection(ExtensibilityGlobals) = postSolution
		SolutionGuid = {BFEA61F3-762F-4386-9E7D-DEF47AF1BD43}
	EndGlobalSection
EndGlobal
